{
  "name": "password",
  "lockfileVersion": 2,
  "requires": true,
  "packages": {
    "": {
      "devDependencies": {
        "chrome-types": "^0.1.175"
      }
    },
    "node_modules/chrome-types": {
      "version": "0.1.175",
      "resolved": "https://registry.npmjs.org/chrome-types/-/chrome-types-0.1.175.tgz",
      "integrity": "sha512-DpExWvmQ5Yh2EuyLBzMV3J2oJqpHwtsAj9V+u6Y+62UqPsxW/h/+3X/siuT+KsSFygul26wBu7hQowbOqE7Kdw==",
      "dev": true
    }
  },
  "dependencies": {
    "chrome-types": {
      "version": "0.1.175",
      "resolved": "https://registry.npmjs.org/chrome-types/-/chrome-types-0.1.175.tgz",
      "integrity": "sha512-DpExWvmQ5Yh2EuyLBzMV3J2oJqpHwtsAj9V+u6Y+62UqPsxW/h/+3X/siuT+KsSFygul26wBu7hQowbOqE7Kdw==",
      "dev": true
    }
  }
}
